
Microsoft Visual Studio Solution File, Format Version 12.00
# Visual Studio Version 16
VisualStudioVersion = 16.0.30621.155
MinimumVisualStudioVersion = 10.0.40219.1
Project("{FAE04EC0-301F-11D3-BF4B-00C04F79EFBC}") = "Demo_CRUD", "Demo_Employee\Demo_CRUD.csproj", "{B41DA379-CFED-4EFB-B92F-E0C9A1CF6820}"
EndProject
Global
	GlobalSection(SolutionConfigurationPlatforms) = preSolution
		Debug|Any CPU = Debug|Any CPU
		Release|Any CPU = Release|Any CPU
	EndGlobalSection
	GlobalSection(ProjectConfigurationPlatforms) = postSolution
		{B41DA379-CFED-4EFB-B92F-E0C9A1CF6820}.Debug|Any CPU.ActiveCfg = Debug|Any CPU
		{B41DA379-CFED-4EFB-B92F-E0C9A1CF6820}.Debug|Any CPU.Build.0 = Debug|Any CPU
		{B41DA379-CFED-4EFB-B92F-E0C9A1CF6820}.Release|Any CPU.ActiveCfg = Release|Any CPU
		{B41DA379-CFED-4EFB-B92F-E0C9A1CF6820}.Release|Any CPU.Build.0 = Release|Any CPU
	EndGlobalSection
	GlobalSection(SolutionProperties) = preSolution
		HideSolutionNode = FALSE
	EndGlobalSection
	GlobalSection(ExtensibilityGlobals) = postSolution
		SolutionGuid = {83CBBB97-7124-4846-BF4B-D9509CE9D933}
	EndGlobalSection
EndGlobal
